lockfileVersion: '9.0'

settings:
  autoInstallPeers: true
  excludeLinksFromLockfile: false

importers:

  .:
    dependencies:
      '@videojs/hlsjs-video':
        specifier: 10.0.0
        version: 10.0.0
      '@videojs/react':
        specifier: 10.0.0
        version: 10.0.0(@videojs/hlsjs-video@10.0.0)(react-dom@19.3.0(react@19.3.0))(react@19.3.0)
      react:
        specifier: ^19.3.0
        version: 19.3.0
      react-dom:
        specifier: ^19.3.0
        version: 19.3.0(react@19.3.0)
      react-router:
        specifier: ^8.4.0
        version: 8.4.0(react-dom@19.3.0(react@19.3.0))(react@19.3.0)
    devDependencies:
      '@rsbuild/core':
        specifier: ^2.2.10
        version: 2.2.10
      '@rsbuild/plugin-react':
        specifier: ^2.1.1
        version: 2.1.1(@rsbuild/core@2.2.10)(@rspack/core@2.2.7(@swc/helpers@0.5.23))
      '@rsbuild/plugin-tailwindcss':
        specifier: ^2.0.3
        version: 2.0.3(@rsbuild/core@2.2.10)(@rspack/core@2.2.7(@swc/helpers@0.5.23))
      '@rslint/core':
        specifier: ^0.9.0
        version: 0.9.3(jiti@2.7.0)
      '@types/node':
        specifier: ^24.13.6
        version: 24.19.0
      '@types/react':
        specifier: ^19.3.0
        version: 19.3.0
      '@types/react-dom':
        specifier: ^19.3.0
        version: 19.3.0(@types/react@19.3.0)
      tailwindcss:
        specifier: ^4.3.3
        version: 4.3.3
      typescript:
        specifier: ^6.0.3
        version: 6.0.3

packages:

  '@alloc/quick-lru@5.3.0':
    resolution: {integrity: sha512-U4+70Pc5ZS9osnCBCE5Jha/ciHM+Yp+CNMNC/7HvYbNRk1Ldd+f7qO65W5qfhu/TCv+/ozljlXXe9Nj8419DMA==}
    engines: {node: '>=10'}

  '@emnapi/core@1.11.3':
    resolution: {integrity: sha512-zLpS5asjEb7lq8jYLq37N6XKaE41DIexlY1rF/z4/tIl3wo13Sqm28fRyfIsKZD+NZ8mM5RoKkpW/rBcuoSZSg==}

  '@emnapi/runtime@1.11.3':
    resolution: {integrity: sha512-Xz4Tpyki7XyrpbUK1jR1AhdAdaXyhhY4lZ3neLodmhpuWfy2PAQN5B46sAiU4liOXGLkHypn/qU+jvfWSCYYLA==}

  '@emnapi/wasi-threads@1.2.3':
    resolution: {integrity: sha512-ELEBe8PsLvvJ6QMr0zLt8ffvOHW/dc1m3CEzNMg7aJUv3bMaoDtw2TXyDAwkYBuroxxuHEwhRTLJSe5sya547g==}

  '@jridgewell/gen-mapping@0.3.13':
    resolution: {integrity: sha512-2kkt/7niJ6MgEPxF0bYdQ6etZaA+fQvDcLKckhy1yIQOzaoKjBBjSj63/aLVjYE3qhRt5dvM+uUyfCg6UKCBbA==}

  '@jridgewell/remapping@2.3.5':
    resolution: {integrity: sha512-LI9u/+laYG4Ds1TDKSJW2YPrIlcVYOwi2fUC6xB43lueCjgxV4lffOCZCtYFiH6TNOX+tQKXx97T4IKHbhyHEQ==}

  '@jridgewell/resolve-uri@3.1.2':
    resolution: {integrity: sha512-bRISgCIjP20/tbWSPWMEi54QVPRZExkuD9lJL+UIxUKtwVJA8wW1Trb1jMs1RFXo1CBTNZ/5hpC9QvmKWdopKw==}
    engines: {node: '>=6.0.0'}

  '@jridgewell/sourcemap-codec@1.6.0':
    resolution: {integrity: sha512-T7jf+5zgsZHwNJ4lvQ7/aezbyk0nNX+zJVWpmHA7VYsEx7a7qr5Rg5IbtJFqkgze5Y2sruq1RUY8Q837Od7iFw==}

  '@jridgewell/trace-mapping@0.3.31':
    resolution: {integrity: sha512-zzNR+SdQSDJzc8joaeP8QQoCQr8NuYx2dIIytl1QeBEZHJ9uW6hebsrYgbz8hJwUQao3TWCMtmfV8Nu1twOLAw==}

  '@napi-rs/wasm-runtime@1.1.6':
    resolution: {integrity: sha512-ZLv/JdUfkvOy9eCnnBaGfiO+XimbjebAeO+MRQqD/B+FR1tnRN0tpKSJHRbE8sFfS6aqsXZ67TQjfwfsxULVbg==}
    peerDependencies:
      '@emnapi/core': ^1.7.1
      '@emnapi/runtime': ^1.7.1

  '@remix-run/route-pattern@0.22.1':
    resolution: {integrity: sha512-czdGJWh09Lapvcqt7Vb09KlrU2PhRJ8xQaI+AItTuD9aDJ5MAgxnS38lnys6Ll+6RJEqPiaUqTwIQhVLwFvv+w==}

  '@rsbuild/core@2.2.10':
    resolution: {integrity: sha512-j+QWzP5pyvNExFeEkOt0WU8kUWCOMIK004jF/8Vx6HsKrq+2tYtQvTuyLsopyeUrwBHZEd7zByeNjWbSNQkWqA==}
    engines: {node: ^20.19.0 || >=22.12.0}
    hasBin: true
    peerDependencies:
      core-js: '>= 3.0.0'
    peerDependenciesMeta:
      core-js:
        optional: true

  '@rsbuild/plugin-react@2.1.1':
    resolution: {integrity: sha512-tLtUedsRtTLS6M4VtwzI6aakFLOFdgl9Sh1ZNBWvxb0Te3EnHrppaE7UiYEmDUXQDJ50gfr6yyirtxY5N6moyg==}
    peerDependencies:
      '@rsbuild/core': ^2.0.0
    peerDependenciesMeta:
      '@rsbuild/core':
        optional: true

  '@rsbuild/plugin-tailwindcss@2.0.3':
    resolution: {integrity: sha512-sl7mN0fyoP0W+zEyFR2xEMVAS2cZPlOAqsXwI8Ei9tUSvV7V4G8Xw2WBVCOQ/B4KEFfJ6H1+TEuPlAzHLEfc4g==}
    peerDependencies:
      '@rsbuild/core': ^2.0.0
    peerDependenciesMeta:
      '@rsbuild/core':
        optional: true

  '@rslint/core@0.9.3':
    resolution: {integrity: sha512-V73vWrKwVKh6thEoU4quObGVyu9NPnfy9GP0pEOEkuvqQzX5jbr0/9/fpMXutDmJ1+pTJUADrvNwPShk26htDQ==}
    hasBin: true
    peerDependencies:
      jiti: ^2.7.0
    peerDependenciesMeta:
      jiti:
        optional: true

  '@rslint/native-darwin-arm64@0.9.3':
    resolution: {integrity: sha512-TyBgSPY8Gs3I5ViYfzmo/zFbwvD+YjgKOOvugVQPVjzTjUbRTlAhowNbdvZHPm6pQywyXfhj7sx/kZsgRdxEnw==}
    cpu: [arm64]
    os: [darwin]

  '@rslint/native-darwin-x64@0.9.3':
    resolution: {integrity: sha512-N25Frs0Cal33qGhf/AtgZrIoIx+MQT4oAt4gpl6A60sus1aif0dhVsRn1+Y6mSnBdmk/x6VVZPa35OKCfpYSuQ==}
    cpu: [x64]
    os: [darwin]

  '@rslint/native-linux-arm64-gnu@0.9.3':
    resolution: {integrity: sha512-CMMkzljWd0pzwxPGZ770eDNcpmfJwkS3avXdU2YaioUiTJZVaPvQV5bPlAmMxF2DHzMi6ChcbDM3+b4fjhCqBA==}
    cpu: [arm64]
    os: [linux]
    libc: [glibc]

  '@rslint/native-linux-arm64-musl@0.9.3':
    resolution: {integrity: sha512-QfTRzUDDz8Off6rnMpdqrpat/lLYUA+f12Allg3i/hpU6QGiZbCIo27qN/lHziMmR2yia5X8210KKgkIgI2nOg==}
    cpu: [arm64]
    os: [linux]
    libc: [musl]

  '@rslint/native-linux-x64-gnu@0.9.3':
    resolution: {integrity: sha512-1jVbwGPBc8fRj/q08HSj3dN0Pe76vrL6kUCZwFvpuHqzflSNbGluWijnN5FGABDi2hHK5irSDEq5vQgVcLD11Q==}
    cpu: [x64]
    os: [linux]
    libc: [glibc]

  '@rslint/native-linux-x64-musl@0.9.3':
    resolution: {integrity: sha512-aoqCFE7H4KwgXaznbnJGq68x0wbTGmY7tlJJY3sxrcESDBhaRKbjyv+V1qlH+8luuv9QTR59O6sB8j2vEZu5SA==}
    cpu: [x64]
    os: [linux]
    libc: [musl]

  '@rslint/native-win32-arm64-msvc@0.9.3':
    resolution: {integrity: sha512-MlgCPzMdcUUB39EOQvLBkUKQHCxzN5/SdfWTVxOd2bAOz9DB3ujZMn/dFLzoTeu31RSI9GU2T5P804j3opQUEA==}
    cpu: [arm64]
    os: [win32]

  '@rslint/native-win32-x64-msvc@0.9.3':
    resolution: {integrity: sha512-6DpUR1hb4ca/PpCLl8s4X+shtV3m91lp/UlG6anxwo5nzcpcjMSNW10rZG13cl6SED262kyxdP88LaEEzotGmQ==}
    cpu: [x64]
    os: [win32]

  '@rspack/binding-darwin-arm64@2.2.7':
    resolution: {integrity: sha512-m0ijteZwZfUZeFcbyxwTe6N+I7aceV5/iW39b7fIIoMN/mSv9zL0ieeRzwuFe7mTYGwCuwNieDZHXfMFdp2Q2w==}
    cpu: [arm64]
    os: [darwin]

  '@rspack/binding-darwin-x64@2.2.7':
    resolution: {integrity: sha512-f27/OubIeCe5Hzze1bm+k/CQ2XX9hk3E/FuK4lym1bjqZ9spWSuolC3sK/yU/Pc3kwMPuf53byUm3FM+QC/blw==}
    cpu: [x64]
    os: [darwin]

  '@rspack/binding-linux-arm64-gnu@2.2.7':
    resolution: {integrity: sha512-uGEX6kY/Pi3wPZgaEk6vTevZOHjKw8qmd5pqWVwRmpLhwvPB7LGqVqx5BMnNYBjsndVUWJQQRlGL8DoVG5IXXQ==}
    cpu: [arm64]
    os: [linux]
    libc: [glibc]

  '@rspack/binding-linux-arm64-musl@2.2.7':
    resolution: {integrity: sha512-qBvztXsOgdi69zi8BhIUz+yc/alqR/wQVmcdCh+1SbhcsNpMsFUndxvVoR1tOboBsEo//gxOG4GxH8zlemhbUA==}
    cpu: [arm64]
    os: [linux]
    libc: [musl]

  '@rspack/binding-linux-ppc64-gnu@2.2.7':
    resolution: {integrity: sha512-t+/tOPoMu3ZZF8I1Wvqd4Jrib1teOOgb0S4jGb4nSVryuDIWgjny0FLGv5xc8RC7e4esVF93D4wF62Kt9Pxfvw==}
    cpu: [ppc64]
    os: [linux]
    libc: [glibc]

  '@rspack/binding-linux-riscv64-gnu@2.2.7':
    resolution: {integrity: sha512-ZkN6K4PRTPqfYI7gPYv1PqgUXKsZDeeFPFoQ4LLiFxhIGczdJY5XAPPoHN+N7d91hAGWi6u+UHYrUp1HvudBOw==}
    cpu: [riscv64]
    os: [linux]
    libc: [glibc]

  '@rspack/binding-linux-riscv64-musl@2.2.7':
    resolution: {integrity: sha512-ywcmeNAC59HtVJ4a5jy5cEUA4JNa19QlVtTW09Pzh0+luNEasWaDfOaXJpYJTGWcycVwzMm3A9aNN3MqvO87EQ==}
    cpu: [riscv64]
    os: [linux]
    libc: [musl]

  '@rspack/binding-linux-s390x-gnu@2.2.7':
    resolution: {integrity: sha512-U/np+nOj9mka5CdM9FKNkrAShw0UoaarBLzOxbBHu4sqMt3iXQCi91fblLdhUDoWuIQrnV/WrqygFeIP2qAHIw==}
    cpu: [s390x]
    os: [linux]
    libc: [glibc]

  '@rspack/binding-linux-x64-gnu@2.2.7':
    resolution: {integrity: sha512-PkryZX3GZeBQfzvKEhwGGd9m43PwqcsqWd14kmsVADeBCqHLxJahMGiGmajd28vSa42xbw7HTb8yY4jXzv5QtA==}
    cpu: [x64]
    os: [linux]
    libc: [glibc]

  '@rspack/binding-linux-x64-musl@2.2.7':
    resolution: {integrity: sha512-atJn62IgXnc/RhWiFgEiNx7IHAJbHunttzjMpWJLjWiFuJ2c+tLQrTBIiqO3VAIXh+haN1jZLHXuMVj5/J+edA==}
    cpu: [x64]
    os: [linux]
    libc: [musl]

  '@rspack/binding-wasm32-wasi@2.2.7':
    resolution: {integrity: sha512-SRDYrqWnD8Y+VNj8+11KggFaVMFSbyu+9WC2f9sygzjFu78GmF0kLKaHNQMaJv6MUMSBk/OhtEbUB4hmH7czVQ==}
    cpu: [wasm32]

  '@rspack/binding-win32-arm64-msvc@2.2.7':
    resolution: {integrity: sha512-etHFjzSP/jnnrVYuim9C/nhSlN0/tQowVz0CSJOUHtDH7ZZiUsvWtkH9Zx3tDaZOB7sAw9cbL36mbmdkb4U6cw==}
    cpu: [arm64]
    os: [win32]

  '@rspack/binding-win32-ia32-msvc@2.2.7':
    resolution: {integrity: sha512-26HiMUQk8QKVw477gW9HorIQ3r0le3AL4OFigJr1/HAumi5qyOPazck+wWtUDh1R9bSf8etZjkuseBGtjN5+KQ==}
    cpu: [ia32]
    os: [win32]

  '@rspack/binding-win32-x64-msvc@2.2.7':
    resolution: {integrity: sha512-ut8tVSXP8DWQE/JUwQ1oqwuAaAgySgYF66HpWmxfR9J4nLzGmhd7CnnaCTT3vUyQQNmLKFida/AbiqJ/gWmPrw==}
    cpu: [x64]
    os: [win32]

  '@rspack/binding@2.2.7':
    resolution: {integrity: sha512-opY7Sw6iwtBa23CeNj18GOqKBlaJUZXp52kNIGyNq+7jpCQKrJYeX5wiK7uBn8/ZpHQfhwNL2xxu5yzG4JFH1g==}

  '@rspack/core@2.2.7':
    resolution: {integrity: sha512-kWKd4lYp13GPAQy2eQITLTvPbl+ST7ffG/MCGHoX138o5eTetMQMe/oc7UAZAfjervAM6UOzEhiiCirPTpRBUQ==}
    engines: {node: ^20.19.0 || >=22.12.0}
    peerDependencies:
      '@module-federation/runtime-tools': ^0.24.1 || ^2.0.0
      '@swc/helpers': ^0.5.23
    peerDependenciesMeta:
      '@module-federation/runtime-tools':
        optional: true
      '@swc/helpers':
        optional: true

  '@rspack/plugin-react-refresh@2.0.2':
    resolution: {integrity: sha512-dGNZiCxQxgAUI9sah7gd8u+O7OJZRCmqtEJNDOd8xW5RqcieC86F7p5qcShyw6onH5pKf57evpr2VjGbaFGkZg==}
    peerDependencies:
      '@rspack/core': ^2.0.0
      react-refresh: '>=0.10.0 <1.0.0'
    peerDependenciesMeta:
      '@rspack/core':
        optional: true

  '@swc/helpers@0.5.23':
    resolution: {integrity: sha512-5lSsMOTXURePglDfvuAQUqkGek9Hg2kksOYay2m0+XR++b2NWYL/4sWyuvVBIs8oKnJaxkdi9whaL/sqN13afw==}

  '@tailwindcss/node@4.3.3':
    resolution: {integrity: sha512-/T8IKEsf9VTU6tLjgC7+sv2mOPtQxzE2jMw7u4Tt40Tx+QSZxpzh95/H6cMKoja9XuW7iMdLJYBB0o9G1CaAgg==}

  '@tailwindcss/oxide-android-arm64@4.3.3':
    resolution: {integrity: sha512-Y85A2gmPSkl5Ve5qR86GL4HT509cFqQh1aes9p3sSkyTPwt0Pppf3GkwGe4JPACcRYjgJIEhQgM6dBClnr0NYw==}
    engines: {node: '>= 20'}
    cpu: [arm64]
    os: [android]

  '@tailwindcss/oxide-darwin-arm64@4.3.3':
    resolution: {integrity: sha512-BiaWatpBcERQFDlOjRDpIVXuFK5PJez5SA4JMg6VYZdBYU+qKfV/vqjcIs+IYmtitf1xYQZTwXvU/8y4lfZUGw==}
    engines: {node: '>= 20'}
    cpu: [arm64]
    os: [darwin]

  '@tailwindcss/oxide-darwin-x64@4.3.3':
    resolution: {integrity: sha512-fAeUqfV5ndhxRwai8cXGzdLvul9utWOmeTkv69unv4ZXixjn61Z+p9lCWdwOwA3TYboG3BwdVuN/RDjhBRl0mw==}
    engines: {node: '>= 20'}
    cpu: [x64]
    os: [darwin]

  '@tailwindcss/oxide-freebsd-x64@4.3.3':
    resolution: {integrity: sha512-iyf5bV6+wnAlflVeEy7R25dupxTNECZN5QMI0qNT6eT+EgaGdZcKhGkr5SdoaWiLJ3spLqIY9VCeSGrwmtg4kw==}
    engines: {node: '>= 20'}
    cpu: [x64]
    os: [freebsd]

  '@tailwindcss/oxide-linux-arm-gnueabihf@4.3.3':
    resolution: {integrity: sha512-aAYUprJAJQWWbRrPvtjdroZ56Md+JM8pMiopS6xGEwDfLhqj+2ver2p4nU4Mb3CRqcMmNBjo8KkUgcxhkzVQGQ==}
    engines: {node: '>= 20'}
    cpu: [arm]
    os: [linux]

  '@tailwindcss/oxide-linux-arm64-gnu@4.3.3':
    resolution: {integrity: sha512-nDxldcEENOxZRzC2uu9jrutZdAAQtb+8WWDCSnWL1zvBk1+FN+x6MtDViPB5AJMfttVCUhehGWus3XBPgatM/w==}
    engines: {node: '>= 20'}
    cpu: [arm64]
    os: [linux]
    libc: [glibc]

  '@tailwindcss/oxide-linux-arm64-musl@4.3.3':
    resolution: {integrity: sha512-Md44bD6veX/PC5iyF8cDVnw4HBIANZepRZZ7a8DQOvkfo5WUBwcp6iAuCUz23u+4SUkhJlD3eL7hNdW8ezd/kA==}
    engines: {node: '>= 20'}
    cpu: [arm64]
    os: [linux]
    libc: [musl]

  '@tailwindcss/oxide-linux-x64-gnu@4.3.3':
    resolution: {integrity: sha512-tx7us1muwOKAKWao2v/GaafFeQboE6aj88vC6ziN2NCGcRm8gWUhwjzg+YdVB1e4boAtdtma4L43onunI6NS4w==}
    engines: {node: '>= 20'}
    cpu: [x64]
    os: [linux]
    libc: [glibc]

  '@tailwindcss/oxide-linux-x64-musl@4.3.3':
    resolution: {integrity: sha512-SJxX60smvHgasZoBy11dX6YRjXJFovwWBoedhbQPOBzgFWBHGB+TVPWB9BxzR7TTxU8FQZAI2AyiNCMzFm8Img==}
    engines: {node: '>= 20'}
    cpu: [x64]
    os: [linux]
    libc: [musl]

  '@tailwindcss/oxide-wasm32-wasi@4.3.3':
    resolution: {integrity: sha512-jx1+rPhY/5Ympkktd656HBWEBLxP7dH06losBLjjf5vgCODXvi9KhtftWcMIwTFIDqBr7cRnQkdLnAG+IOlGvQ==}
    engines: {node: '>=14.0.0'}
    cpu: [wasm32]
    bundledDependencies:
      - '@napi-rs/wasm-runtime'
      - '@emnapi/core'
      - '@emnapi/runtime'
      - '@tybys/wasm-util'
      - '@emnapi/wasi-threads'
      - tslib

  '@tailwindcss/oxide-win32-arm64-msvc@4.3.3':
    resolution: {integrity: sha512-3rc292Ca2ceK6Ulcc/bAVnTs/3nDtoPhyEKlgPv+yQJQi/JS/AMJlqzxvlDacL1nekbrcf6bTqp/jV4qgnPxNQ==}
    engines: {node: '>= 20'}
    cpu: [arm64]
    os: [win32]

  '@tailwindcss/oxide-win32-x64-msvc@4.3.3':
    resolution: {integrity: sha512-yJ0pwIVc/nYeGoV02WtsN8KYyLQv7kyI2wDnkezyJlGGjkd4QLwDGAwl47YpPJeuI0M0ObaXGSPjvWDPeTPggw==}
    engines: {node: '>= 20'}
    cpu: [x64]
    os: [win32]

  '@tailwindcss/oxide@4.3.3':
    resolution: {integrity: sha512-krXjAikiaFSPaK/FkAQT5UTx3VormQaiZ5hBFlJZ9UFQGB/rwg1MZIhHAG9smMQRTdyJxP6Qt5MwMtdyU5FWrA==}
    engines: {node: '>= 20'}

  '@tailwindcss/webpack@4.3.3':
    resolution: {integrity: sha512-e7A7ubt+D+MzXAlQcOaDaHMD5oYzxULVdZVjLzGVStIXebGfD4RcVHxBSRP7xE+G8sS3o691zyfIbhm/veOLjQ==}
    peerDependencies:
      '@rspack/core': ^1.0.0 || ^2.0.0
      webpack: ^5.0.0
    peerDependenciesMeta:
      '@rspack/core':
        optional: true
      webpack:
        optional: true

  '@tybys/wasm-util@0.10.4':
    resolution: {integrity: sha512-W3c4gRigFS0T/Ma4qIYF3GDAc5AQdHb1yL5znJT1Zv1YaD9Kitx656wBjvr19qbiosmZT8lWDM5BEMynUqX65A==}

  '@types/node@24.19.0':
    resolution: {integrity: sha512-zY+5tKxXdhGh1PYI0ac+7juvEu4OI6vWtVVoj5i2m42jxAY1U+zHGt6QCyOFwykdP62sM3MJ9stoYYUw5aCWew==}

  '@types/react-dom@19.3.0':
    resolution: {integrity: sha512-ZI7bU42mZXXKHn/qNLEw2IrbiINU7X5+vfgdixBHkCNpYWXjKgfQ/P+uyGb5CjOLB9UcnTeg3rylQtV2hym44Q==}
    peerDependencies:
      '@types/react': ^19.3.0

  '@types/react@19.3.0':
    resolution: {integrity: sha512-N0rFCuH9YoxG9/m61l9MfpJKfmLOVU0em7ipIz6TRgSSkvReLB9vL85GB+yr8Bs5leqpvg96JSwF4ZS1s4viQg==}

  '@videojs/core@10.0.0':
    resolution: {integrity: sha512-U5tYZGH3q96K/dlgytYCA3A4zGSlsWy2Ldy7A9rjCf3a/Zxc8Dc62TFRIDgsedpCMvBiBhWz1xlIeX/nPS5mog==}

  '@videojs/hlsjs-video@10.0.0':
    resolution: {integrity: sha512-oqzb9/lxD6gBDFqWgqt0MUq2MUdzKXxB4KEv+Ff7eLC+8epS3txzzX7UsLBv1hmUzmOcA4vxX7OjQ29jK0sGBw==}

  '@videojs/media@10.0.0':
    resolution: {integrity: sha512-qO1Wpdv0e9F+XtcsCl2kJuLPIJO83qgJM+mZ4FgiVvgyg8l6nABqWBe83jaYdV9VGL8vSfqolhUfrgMGAOicgA==}

  '@videojs/native-hls-video@10.0.0':
    resolution: {integrity: sha512-O9Nh9eDclzL34dd9CzFgW42V5aGu6Y541wRc/9sKvLiAtwIAQlff8CAQN27lDTn9Cz9KKDzd6P8Yxgjk1frPpQ==}

  '@videojs/react@10.0.0':
    resolution: {integrity: sha512-w6y9Fns+51nsd6qSv8tYT0RCcPVvXN+tKlVwHfVsYuFyPH6odaDu947MT7ncuZUDGRynY6RoKJnigjPX5LPp9w==}
    peerDependencies:
      '@videojs/cloudflare-video': 10.0.0
      '@videojs/dash-video': 10.0.0
      '@videojs/google-cast': 10.0.0
      '@videojs/hlsjs-video': 10.0.0
      '@videojs/mux-audio': 10.0.0
      '@videojs/mux-data': 10.0.0
      '@videojs/mux-video': 10.0.0
      '@videojs/shaka-video': 10.0.0
      '@videojs/spotify-audio': 10.0.0
      '@videojs/tiktok-video': 10.0.0
      '@videojs/twitch-video': 10.0.0
      '@videojs/vimeo-video': 10.0.0
      '@videojs/wistia-video': 10.0.0
      '@videojs/youtube-video': 10.0.0
      react: ^18.0.0 || ^19.0.0
      react-dom: ^18.0.0 || ^19.0.0
    peerDependenciesMeta:
      '@videojs/cloudflare-video':
        optional: true
      '@videojs/dash-video':
        optional: true
      '@videojs/google-cast':
        optional: true
      '@videojs/hlsjs-video':
        optional: true
      '@videojs/mux-audio':
        optional: true
      '@videojs/mux-data':
        optional: true
      '@videojs/mux-video':
        optional: true
      '@videojs/shaka-video':
        optional: true
      '@videojs/spotify-audio':
        optional: true
      '@videojs/tiktok-video':
        optional: true
      '@videojs/twitch-video':
        optional: true
      '@videojs/vimeo-video':
        optional: true
      '@videojs/wistia-video':
        optional: true
      '@videojs/youtube-video':
        optional: true

  '@videojs/spf@10.0.0':
    resolution: {integrity: sha512-Zka8t+ead3/6sFhWfU7WYYJWvL3d//QDuNm3JeRDABTvH8Qz9JQb6FD/NPIffWeGbaSYdW4vQk1Btz0Ol8HIOA==}

  '@videojs/store@10.0.0':
    resolution: {integrity: sha512-SeJ/PERBssswgfHTiSGfzlMEQ1N8sHjxQ2jp02hf760mNGYx6idtV4HvRbcNo5Ccn6O1OOiN/0Aim5Xc+E6ZAQ==}
    peerDependencies:
      '@videojs/element': 10.0.0
      react: ^18.0.0 || ^19.0.0
    peerDependenciesMeta:
      '@videojs/element':
        optional: true
      react:
        optional: true

  '@videojs/utils@10.0.0':
    resolution: {integrity: sha512-TKT61xKZAato+zpYII4TwCJsg662+14GmRKx10WmVsGIP8T2JMh1qCJnwhpc9RyfvmFG1M4eJkIh5eqzZhHmZQ==}

  cookie-es@3.1.1:
    resolution: {integrity: sha512-UaXxwISYJPTr9hwQxMFYZ7kNhSXboMXP+Z3TRX6f1/NyaGPfuNUZOWP1pUEb75B2HjfklIYLVRfWiFZJyC6Npg==}

  csstype@3.2.3:
    resolution: {integrity: sha512-z1HGKcYy2xA8AGQfwrn0PAy+PB7X/GSj3UVJW9qKyn43xWa+gl5nXmU4qqLMRzWVLFC8KusUX8T/0kCiOYpAIQ==}

  detect-libc@2.1.2:
    resolution: {integrity: sha512-Btj2BOOO83o3WyH59e8MgXsxEQVcarkUOpEYrubB0urwnN10yQ364rsiByU11nZlqWYZm05i/of7io4mzihBtQ==}
    engines: {node: '>=8'}

  enhanced-resolve@5.25.1:
    resolution: {integrity: sha512-nGXts5znJzmWPu+mIE9izCOzdg63oJca2mDzGWWTth7sr4aCToKcoyFVBQwN75Ij5Pf6p510EwkTqViTRzDV+w==}
    engines: {node: '>=10.13.0'}

  graceful-fs@4.2.11:
    resolution: {integrity: sha512-RbJ5/jmFcNNCcDV5o9eTnBLJ/HszWV0P73bc+Ff4nS/rJj+YaS6IGyiOL0VoBYX+l1Wrl3k63h/KrH+nhJ0XvQ==}

  hls.js@1.6.7:
    resolution: {integrity: sha512-QW2fnwDGKGc9DwQUGLbmMOz8G48UZK7PVNJPcOUql1b8jubKx4/eMHNP5mGqr6tYlJNDG1g10Lx2U/qPzL6zwQ==}

  jiti@2.7.0:
    resolution: {integrity: sha512-AC/7JofJvZGrrneWNaEnJeOLUx+JlGt7tNa0wZiRPT4MY1wmfKjt2+6O2p2uz2+skll8OZZmJMNqeke7kKbNgQ==}
    hasBin: true

  lightningcss-android-arm64@1.32.0:
    resolution: {integrity: sha512-YK7/ClTt4kAK0vo6w3X+Pnm0D2cf2vPHbhOXdoNti1Ga0al1P4TBZhwjATvjNwLEBCnKvjJc2jQgHXH0NEwlAg==}
    engines: {node: '>= 12.0.0'}
    cpu: [arm64]
    os: [android]

  lightningcss-darwin-arm64@1.32.0:
    resolution: {integrity: sha512-RzeG9Ju5bag2Bv1/lwlVJvBE3q6TtXskdZLLCyfg5pt+HLz9BqlICO7LZM7VHNTTn/5PRhHFBSjk5lc4cmscPQ==}
    engines: {node: '>= 12.0.0'}
    cpu: [arm64]
    os: [darwin]

  lightningcss-darwin-x64@1.32.0:
    resolution: {integrity: sha512-U+QsBp2m/s2wqpUYT/6wnlagdZbtZdndSmut/NJqlCcMLTWp5muCrID+K5UJ6jqD2BFshejCYXniPDbNh73V8w==}
    engines: {node: '>= 12.0.0'}
    cpu: [x64]
    os: [darwin]

  lightningcss-freebsd-x64@1.32.0:
    resolution: {integrity: sha512-JCTigedEksZk3tHTTthnMdVfGf61Fky8Ji2E4YjUTEQX14xiy/lTzXnu1vwiZe3bYe0q+SpsSH/CTeDXK6WHig==}
    engines: {node: '>= 12.0.0'}
    cpu: [x64]
    os: [freebsd]

  lightningcss-linux-arm-gnueabihf@1.32.0:
    resolution: {integrity: sha512-x6rnnpRa2GL0zQOkt6rts3YDPzduLpWvwAF6EMhXFVZXD4tPrBkEFqzGowzCsIWsPjqSK+tyNEODUBXeeVHSkw==}
    engines: {node: '>= 12.0.0'}
    cpu: [arm]
    os: [linux]

  lightningcss-linux-arm64-gnu@1.32.0:
    resolution: {integrity: sha512-0nnMyoyOLRJXfbMOilaSRcLH3Jw5z9HDNGfT/gwCPgaDjnx0i8w7vBzFLFR1f6CMLKF8gVbebmkUN3fa/kQJpQ==}
    engines: {node: '>= 12.0.0'}
    cpu: [arm64]
    os: [linux]
    libc: [glibc]

  lightningcss-linux-arm64-musl@1.32.0:
    resolution: {integrity: sha512-UpQkoenr4UJEzgVIYpI80lDFvRmPVg6oqboNHfoH4CQIfNA+HOrZ7Mo7KZP02dC6LjghPQJeBsvXhJod/wnIBg==}
    engines: {node: '>= 12.0.0'}
    cpu: [arm64]
    os: [linux]
    libc: [musl]

  lightningcss-linux-x64-gnu@1.32.0:
    resolution: {integrity: sha512-V7Qr52IhZmdKPVr+Vtw8o+WLsQJYCTd8loIfpDaMRWGUZfBOYEJeyJIkqGIDMZPwPx24pUMfwSxxI8phr/MbOA==}
    engines: {node: '>= 12.0.0'}
    cpu: [x64]
    os: [linux]
    libc: [glibc]

  lightningcss-linux-x64-musl@1.32.0:
    resolution: {integrity: sha512-bYcLp+Vb0awsiXg/80uCRezCYHNg1/l3mt0gzHnWV9XP1W5sKa5/TCdGWaR/zBM2PeF/HbsQv/j2URNOiVuxWg==}
    engines: {node: '>= 12.0.0'}
    cpu: [x64]
    os: [linux]
    libc: [musl]

  lightningcss-win32-arm64-msvc@1.32.0:
    resolution: {integrity: sha512-8SbC8BR40pS6baCM8sbtYDSwEVQd4JlFTOlaD3gWGHfThTcABnNDBda6eTZeqbofalIJhFx0qKzgHJmcPTnGdw==}
    engines: {node: '>= 12.0.0'}
    cpu: [arm64]
    os: [win32]

  lightningcss-win32-x64-msvc@1.32.0:
    resolution: {integrity: sha512-Amq9B/SoZYdDi1kFrojnoqPLxYhQ4Wo5XiL8EVJrVsB8ARoC1PWW6VGtT0WKCemjy8aC+louJnjS7U18x3b06Q==}
    engines: {node: '>= 12.0.0'}
    cpu: [x64]
    os: [win32]

  lightningcss@1.32.0:
    resolution: {integrity: sha512-NXYBzinNrblfraPGyrbPoD19C1h9lfI/1mzgWYvXUTe414Gz/X1FD2XBZSZM7rRTrMA8JL3OtAaGifrIKhQ5yQ==}
    engines: {node: '>= 12.0.0'}

  magic-string@0.30.21:
    resolution: {integrity: sha512-vd2F4YUyEXKGcLHoq+TEyCjxueSeHnFxyyjNp80yg0XV4vUhnDer/lvvlqM/arB5bXQN5K2/3oinyCRyx8T2CQ==}

  picomatch@4.0.7:
    resolution: {integrity: sha512-qcJu88Q2IWqJsDD529JKMdwGm/dvInW4HvQnRwiH9JtihJvzGOscDtHE3x1pBKeUOTysQ8kVmLnJ2kJu7yhcGA==}
    engines: {node: '>=12'}

  react-compiler-runtime@1.0.0:
    resolution: {integrity: sha512-rRfjYv66HlG8896yPUDONgKzG5BxZD1nV9U6rkm+7VCuvQc903C4MjcoZR4zPw53IKSOX9wMQVpA1IAbRtzQ7w==}
    peerDependencies:
      react: ^17.0.0 || ^18.0.0 || ^19.0.0 || ^0.0.0-experimental

  react-dom@19.3.0:
    resolution: {integrity: sha512-JDk8dgif51OjFoDE70+OT9ICyYr+69HlmihNwp1+Nsfbna3t5sIiCa9ZJktDmQ4/1b/rn26hIAR2uYXDMr5r0Q==}
    peerDependencies:
      react: ^19.3.0

  react-refresh@0.19.0:
    resolution: {integrity: sha512-5HdstYgoJBbBofjapO5qCPcovECJCBfvjLb+iTcsmqDFVMRdqy0qs7iiInBJTUXmIFc2bjoc5b2HVLp2zRtYhQ==}
    engines: {node: '>=0.10.0'}

  react-router@8.4.0:
    resolution: {integrity: sha512-JtydAkBvU9UTEe5qNC+POhu+ZBNM7rlKY2IegwXc7Idj7xfRG16x5RZrw3mju+XlqBxfvb2ky9P3jUp9WyWC1g==}
    engines: {node: '>=22.22.0'}
    peerDependencies:
      react: '>=19.2.7'
      react-dom: '>=19.2.7'
    peerDependenciesMeta:
      react-dom:
        optional: true

  react@19.3.0:
    resolution: {integrity: sha512-E8LUcbtBWt20bbl2YoHfx4ZDBdxVTfOKtCZn9cDSJ4l6/nuoApcpIBcj47t2wZoVX8g2ZHuMHbiShgCR1T5Sog==}
    engines: {node: '>=0.10.0'}

  scheduler@0.28.0:
    resolution: {integrity: sha512-juorfCmIkIw8tT+p5BXSm6PJjQF/ycEYmKyzURCIt/RaZIhL+PulbQ9Yu2z1HdOJDdqDTlxA1+xKBmHXJsczAw==}

  signal-polyfill@0.2.2:
    resolution: {integrity: sha512-p63Y4Er5/eMQ9RHg0M0Y64NlsQKpiu6MDdhBXpyywRuWiPywhJTpKJ1iB5K2hJEbFZ0BnDS7ZkJ+0AfTuL37Rg==}

  source-map-js@1.2.1:
    resolution: {integrity: sha512-UXWMKhLOwVKb728IUtQPXxfYU+usdybtUrK/8uGE8CQMvrhOpwvzDBwj0QhSL7MQc7vIsISBG8VQ8+IDQxpfQA==}
    engines: {node: '>=0.10.0'}

  tailwindcss@4.3.3:
    resolution: {integrity: sha512-gOhV3P7ufE62QDGg1zVaTgCR+EtPv92k2nIhVcVKcLmxT1sUBsQGhnZj175j+MqRt4zLF7ic+sCYjfhxMxj7YQ==}

  tapable@2.3.3:
    resolution: {integrity: sha512-uxc/zpqFg6x7C8vOE7lh6Lbda8eEL9zmVm/PLeTPBRhh1xCgdWaQ+J1CUieGpIfm2HdtsUpRv+HshiasBMcc6A==}
    engines: {node: '>=6'}

  tslib@2.8.1:
    resolution: {integrity: sha512-oJFu94HQb+KVduSUQL7wnpmqnfmLsOA/nAh6b6EH0wCEoK0/mPeXU6c3wKDV83MkOuHPRHtSXKKU99IBazS/2w==}

  typescript@6.0.3:
    resolution: {integrity: sha512-y2TvuxSZPDyQakkFRPZHKFm+KKVqIisdg9/CZwm9ftvKXLP8NRWj38/ODjNbr43SsoXqNuAisEf1GdCxqWcdBw==}
    engines: {node: '>=14.17'}
    hasBin: true

  undici-types@7.24.6:
    resolution: {integrity: sha512-WRNW+sJgj5OBN4/0JpHFqtqzhpbnV0GuB+OozA9gCL7a993SmU+1JBZCzLNxYsbMfIeDL+lTsphD5jN5N+n0zg==}

snapshots:

  '@alloc/quick-lru@5.3.0': {}

  '@emnapi/core@1.11.3':
    dependencies:
      '@emnapi/wasi-threads': 1.2.3
      tslib: 2.8.1
    optional: true

  '@emnapi/runtime@1.11.3':
    dependencies:
      tslib: 2.8.1
    optional: true

  '@emnapi/wasi-threads@1.2.3':
    dependencies:
      tslib: 2.8.1
    optional: true

  '@jridgewell/gen-mapping@0.3.13':
    dependencies:
      '@jridgewell/sourcemap-codec': 1.6.0
      '@jridgewell/trace-mapping': 0.3.31

  '@jridgewell/remapping@2.3.5':
    dependencies:
      '@jridgewell/gen-mapping': 0.3.13
      '@jridgewell/trace-mapping': 0.3.31

  '@jridgewell/resolve-uri@3.1.2': {}

  '@jridgewell/sourcemap-codec@1.6.0': {}

  '@jridgewell/trace-mapping@0.3.31':
    dependencies:
      '@jridgewell/resolve-uri': 3.1.2
      '@jridgewell/sourcemap-codec': 1.6.0

  '@napi-rs/wasm-runtime@1.1.6(@emnapi/core@1.11.3)(@emnapi/runtime@1.11.3)':
    dependencies:
      '@emnapi/core': 1.11.3
      '@emnapi/runtime': 1.11.3
      '@tybys/wasm-util': 0.10.4
    optional: true

  '@remix-run/route-pattern@0.22.1': {}

  '@rsbuild/core@2.2.10':
    dependencies:
      '@rspack/core': 2.2.7(@swc/helpers@0.5.23)
      '@swc/helpers': 0.5.23
    transitivePeerDependencies:
      - '@module-federation/runtime-tools'

  '@rsbuild/plugin-react@2.1.1(@rsbuild/core@2.2.10)(@rspack/core@2.2.7(@swc/helpers@0.5.23))':
    dependencies:
      '@rspack/plugin-react-refresh': 2.0.2(@rspack/core@2.2.7(@swc/helpers@0.5.23))(react-refresh@0.19.0)
      react-refresh: 0.19.0
    optionalDependencies:
      '@rsbuild/core': 2.2.10
    transitivePeerDependencies:
      - '@rspack/core'

  '@rsbuild/plugin-tailwindcss@2.0.3(@rsbuild/core@2.2.10)(@rspack/core@2.2.7(@swc/helpers@0.5.23))':
    dependencies:
      '@tailwindcss/webpack': 4.3.3(@rspack/core@2.2.7(@swc/helpers@0.5.23))
    optionalDependencies:
      '@rsbuild/core': 2.2.10
    transitivePeerDependencies:
      - '@rspack/core'
      - webpack

  '@rslint/core@0.9.3(jiti@2.7.0)':
    dependencies:
      picomatch: 4.0.7
    optionalDependencies:
      '@rslint/native-darwin-arm64': 0.9.3
      '@rslint/native-darwin-x64': 0.9.3
      '@rslint/native-linux-arm64-gnu': 0.9.3
      '@rslint/native-linux-arm64-musl': 0.9.3
      '@rslint/native-linux-x64-gnu': 0.9.3
      '@rslint/native-linux-x64-musl': 0.9.3
      '@rslint/native-win32-arm64-msvc': 0.9.3
      '@rslint/native-win32-x64-msvc': 0.9.3
      jiti: 2.7.0

  '@rslint/native-darwin-arm64@0.9.3':
    optional: true

  '@rslint/native-darwin-x64@0.9.3':
    optional: true

  '@rslint/native-linux-arm64-gnu@0.9.3':
    optional: true

  '@rslint/native-linux-arm64-musl@0.9.3':
    optional: true

  '@rslint/native-linux-x64-gnu@0.9.3':
    optional: true

  '@rslint/native-linux-x64-musl@0.9.3':
    optional: true

  '@rslint/native-win32-arm64-msvc@0.9.3':
    optional: true

  '@rslint/native-win32-x64-msvc@0.9.3':
    optional: true

  '@rspack/binding-darwin-arm64@2.2.7':
    optional: true

  '@rspack/binding-darwin-x64@2.2.7':
    optional: true

  '@rspack/binding-linux-arm64-gnu@2.2.7':
    optional: true

  '@rspack/binding-linux-arm64-musl@2.2.7':
    optional: true

  '@rspack/binding-linux-ppc64-gnu@2.2.7':
    optional: true

  '@rspack/binding-linux-riscv64-gnu@2.2.7':
    optional: true

  '@rspack/binding-linux-riscv64-musl@2.2.7':
    optional: true

  '@rspack/binding-linux-s390x-gnu@2.2.7':
    optional: true

  '@rspack/binding-linux-x64-gnu@2.2.7':
    optional: true

  '@rspack/binding-linux-x64-musl@2.2.7':
    optional: true

  '@rspack/binding-wasm32-wasi@2.2.7':
    dependencies:
      '@emnapi/core': 1.11.3
      '@emnapi/runtime': 1.11.3
      '@napi-rs/wasm-runtime': 1.1.6(@emnapi/core@1.11.3)(@emnapi/runtime@1.11.3)
    optional: true

  '@rspack/binding-win32-arm64-msvc@2.2.7':
    optional: true

  '@rspack/binding-win32-ia32-msvc@2.2.7':
    optional: true

  '@rspack/binding-win32-x64-msvc@2.2.7':
    optional: true

  '@rspack/binding@2.2.7':
    optionalDependencies:
      '@rspack/binding-darwin-arm64': 2.2.7
      '@rspack/binding-darwin-x64': 2.2.7
      '@rspack/binding-linux-arm64-gnu': 2.2.7
      '@rspack/binding-linux-arm64-musl': 2.2.7
      '@rspack/binding-linux-ppc64-gnu': 2.2.7
      '@rspack/binding-linux-riscv64-gnu': 2.2.7
      '@rspack/binding-linux-riscv64-musl': 2.2.7
      '@rspack/binding-linux-s390x-gnu': 2.2.7
      '@rspack/binding-linux-x64-gnu': 2.2.7
      '@rspack/binding-linux-x64-musl': 2.2.7
      '@rspack/binding-wasm32-wasi': 2.2.7
      '@rspack/binding-win32-arm64-msvc': 2.2.7
      '@rspack/binding-win32-ia32-msvc': 2.2.7
      '@rspack/binding-win32-x64-msvc': 2.2.7

  '@rspack/core@2.2.7(@swc/helpers@0.5.23)':
    dependencies:
      '@rspack/binding': 2.2.7
    optionalDependencies:
      '@swc/helpers': 0.5.23

  '@rspack/plugin-react-refresh@2.0.2(@rspack/core@2.2.7(@swc/helpers@0.5.23))(react-refresh@0.19.0)':
    dependencies:
      react-refresh: 0.19.0
    optionalDependencies:
      '@rspack/core': 2.2.7(@swc/helpers@0.5.23)

  '@swc/helpers@0.5.23':
    dependencies:
      tslib: 2.8.1

  '@tailwindcss/node@4.3.3':
    dependencies:
      '@jridgewell/remapping': 2.3.5
      enhanced-resolve: 5.25.1
      jiti: 2.7.0
      lightningcss: 1.32.0
      magic-string: 0.30.21
      source-map-js: 1.2.1
      tailwindcss: 4.3.3

  '@tailwindcss/oxide-android-arm64@4.3.3':
    optional: true

  '@tailwindcss/oxide-darwin-arm64@4.3.3':
    optional: true

  '@tailwindcss/oxide-darwin-x64@4.3.3':
    optional: true

  '@tailwindcss/oxide-freebsd-x64@4.3.3':
    optional: true

  '@tailwindcss/oxide-linux-arm-gnueabihf@4.3.3':
    optional: true

  '@tailwindcss/oxide-linux-arm64-gnu@4.3.3':
    optional: true

  '@tailwindcss/oxide-linux-arm64-musl@4.3.3':
    optional: true

  '@tailwindcss/oxide-linux-x64-gnu@4.3.3':
    optional: true

  '@tailwindcss/oxide-linux-x64-musl@4.3.3':
    optional: true

  '@tailwindcss/oxide-wasm32-wasi@4.3.3':
    optional: true

  '@tailwindcss/oxide-win32-arm64-msvc@4.3.3':
    optional: true

  '@tailwindcss/oxide-win32-x64-msvc@4.3.3':
    optional: true

  '@tailwindcss/oxide@4.3.3':
    optionalDependencies:
      '@tailwindcss/oxide-android-arm64': 4.3.3
      '@tailwindcss/oxide-darwin-arm64': 4.3.3
      '@tailwindcss/oxide-darwin-x64': 4.3.3
      '@tailwindcss/oxide-freebsd-x64': 4.3.3
      '@tailwindcss/oxide-linux-arm-gnueabihf': 4.3.3
      '@tailwindcss/oxide-linux-arm64-gnu': 4.3.3
      '@tailwindcss/oxide-linux-arm64-musl': 4.3.3
      '@tailwindcss/oxide-linux-x64-gnu': 4.3.3
      '@tailwindcss/oxide-linux-x64-musl': 4.3.3
      '@tailwindcss/oxide-wasm32-wasi': 4.3.3
      '@tailwindcss/oxide-win32-arm64-msvc': 4.3.3
      '@tailwindcss/oxide-win32-x64-msvc': 4.3.3

  '@tailwindcss/webpack@4.3.3(@rspack/core@2.2.7(@swc/helpers@0.5.23))':
    dependencies:
      '@alloc/quick-lru': 5.3.0
      '@tailwindcss/node': 4.3.3
      '@tailwindcss/oxide': 4.3.3
      tailwindcss: 4.3.3
    optionalDependencies:
      '@rspack/core': 2.2.7(@swc/helpers@0.5.23)

  '@tybys/wasm-util@0.10.4':
    dependencies:
      tslib: 2.8.1
    optional: true

  '@types/node@24.19.0':
    dependencies:
      undici-types: 7.24.6

  '@types/react-dom@19.3.0(@types/react@19.3.0)':
    dependencies:
      '@types/react': 19.3.0

  '@types/react@19.3.0':
    dependencies:
      csstype: 3.2.3

  '@videojs/core@10.0.0(react@19.3.0)':
    dependencies:
      '@videojs/media': 10.0.0
      '@videojs/store': 10.0.0(react@19.3.0)
      '@videojs/utils': 10.0.0
    transitivePeerDependencies:
      - '@videojs/element'
      - react

  '@videojs/hlsjs-video@10.0.0':
    dependencies:
      '@videojs/media': 10.0.0
      '@videojs/native-hls-video': 10.0.0
      '@videojs/utils': 10.0.0
      hls.js: 1.6.7

  '@videojs/media@10.0.0':
    dependencies:
      '@videojs/utils': 10.0.0

  '@videojs/native-hls-video@10.0.0':
    dependencies:
      '@videojs/media': 10.0.0
      '@videojs/utils': 10.0.0

  '@videojs/react@10.0.0(@videojs/hlsjs-video@10.0.0)(react-dom@19.3.0(react@19.3.0))(react@19.3.0)':
    dependencies:
      '@videojs/core': 10.0.0(react@19.3.0)
      '@videojs/media': 10.0.0
      '@videojs/native-hls-video': 10.0.0
      '@videojs/spf': 10.0.0
      '@videojs/store': 10.0.0(react@19.3.0)
      '@videojs/utils': 10.0.0
      react: 19.3.0
      react-compiler-runtime: 1.0.0(react@19.3.0)
      react-dom: 19.3.0(react@19.3.0)
    optionalDependencies:
      '@videojs/hlsjs-video': 10.0.0
    transitivePeerDependencies:
      - '@videojs/element'

  '@videojs/spf@10.0.0':
    dependencies:
      '@videojs/media': 10.0.0
      '@videojs/utils': 10.0.0
      signal-polyfill: 0.2.2

  '@videojs/store@10.0.0(react@19.3.0)':
    dependencies:
      '@videojs/utils': 10.0.0
      react-compiler-runtime: 1.0.0(react@19.3.0)
    optionalDependencies:
      react: 19.3.0

  '@videojs/utils@10.0.0': {}

  cookie-es@3.1.1: {}

  csstype@3.2.3: {}

  detect-libc@2.1.2: {}

  enhanced-resolve@5.25.1:
    dependencies:
      graceful-fs: 4.2.11
      tapable: 2.3.3

  graceful-fs@4.2.11: {}

  hls.js@1.6.7: {}

  jiti@2.7.0: {}

  lightningcss-android-arm64@1.32.0:
    optional: true

  lightningcss-darwin-arm64@1.32.0:
    optional: true

  lightningcss-darwin-x64@1.32.0:
    optional: true

  lightningcss-freebsd-x64@1.32.0:
    optional: true

  lightningcss-linux-arm-gnueabihf@1.32.0:
    optional: true

  lightningcss-linux-arm64-gnu@1.32.0:
    optional: true

  lightningcss-linux-arm64-musl@1.32.0:
    optional: true

  lightningcss-linux-x64-gnu@1.32.0:
    optional: true

  lightningcss-linux-x64-musl@1.32.0:
    optional: true

  lightningcss-win32-arm64-msvc@1.32.0:
    optional: true

  lightningcss-win32-x64-msvc@1.32.0:
    optional: true

  lightningcss@1.32.0:
    dependencies:
      detect-libc: 2.1.2
    optionalDependencies:
      lightningcss-android-arm64: 1.32.0
      lightningcss-darwin-arm64: 1.32.0
      lightningcss-darwin-x64: 1.32.0
      lightningcss-freebsd-x64: 1.32.0
      lightningcss-linux-arm-gnueabihf: 1.32.0
      lightningcss-linux-arm64-gnu: 1.32.0
      lightningcss-linux-arm64-musl: 1.32.0
      lightningcss-linux-x64-gnu: 1.32.0
      lightningcss-linux-x64-musl: 1.32.0
      lightningcss-win32-arm64-msvc: 1.32.0
      lightningcss-win32-x64-msvc: 1.32.0

  magic-string@0.30.21:
    dependencies:
      '@jridgewell/sourcemap-codec': 1.6.0

  picomatch@4.0.7: {}

  react-compiler-runtime@1.0.0(react@19.3.0):
    dependencies:
      react: 19.3.0

  react-dom@19.3.0(react@19.3.0):
    dependencies:
      react: 19.3.0
      scheduler: 0.28.0

  react-refresh@0.19.0: {}

  react-router@8.4.0(react-dom@19.3.0(react@19.3.0))(react@19.3.0):
    dependencies:
      '@remix-run/route-pattern': 0.22.1
      cookie-es: 3.1.1
      react: 19.3.0
    optionalDependencies:
      react-dom: 19.3.0(react@19.3.0)

  react@19.3.0: {}

  scheduler@0.28.0: {}

  signal-polyfill@0.2.2: {}

  source-map-js@1.2.1: {}

  tailwindcss@4.3.3: {}

  tapable@2.3.3: {}

  tslib@2.8.1: {}

  typescript@6.0.3: {}

  undici-types@7.24.6: {}
